
Microsoft Visual Studio Solution File, Format Version 12.00
# Visual Studio Version 17
VisualStudioVersion = 17.0.31903.59
MinimumVisualStudioVersion = 10.0.40219.1
Project("{2150E333-8FDC-42A3-9474-1A3956D46DE8}") = "Fugro", "Fugro", "{C8A84E38-86BD-4256-9BFC-7D7ECD9EA293}"
EndProject
Project("{FAE04EC0-301F-11D3-BF4B-00C04F79EFBC}") = "Fugro.G2O", "Fugro\G2O.NET\Fugro.G2O.csproj", "{86E5A6FC-558F-4617-B6F1-922C374E25CE}"
EndProject
Project("{FAE04EC0-301F-11D3-BF4B-00C04F79EFBC}") = "Fugro.G2O.Test", "Fugro\Test\Fugro.G2O.Test.csproj", "{3F477159-4F0F-496E-9ADB-56785CE3FE10}"
EndProject
Global
	GlobalSection(SolutionConfigurationPlatforms) = preSolution
		Debug|Any CPU = Debug|Any CPU
		Release|Any CPU = Release|Any CPU
	EndGlobalSection
	GlobalSection(SolutionProperties) = preSolution
		HideSolutionNode = FALSE
	EndGlobalSection
	GlobalSection(ProjectConfigurationPlatforms) = postSolution
		{86E5A6FC-558F-4617-B6F1-922C374E25CE}.Debug|Any CPU.ActiveCfg = Debug|Any CPU
		{86E5A6FC-558F-4617-B6F1-922C374E25CE}.Debug|Any CPU.Build.0 = Debug|Any CPU
		{86E5A6FC-558F-4617-B6F1-922C374E25CE}.Release|Any CPU.ActiveCfg = Release|Any CPU
		{86E5A6FC-558F-4617-B6F1-922C374E25CE}.Release|Any CPU.Build.0 = Release|Any CPU
		{3F477159-4F0F-496E-9ADB-56785CE3FE10}.Debug|Any CPU.ActiveCfg = Debug|Any CPU
		{3F477159-4F0F-496E-9ADB-56785CE3FE10}.Debug|Any CPU.Build.0 = Debug|Any CPU
		{3F477159-4F0F-496E-9ADB-56785CE3FE10}.Release|Any CPU.ActiveCfg = Release|Any CPU
		{3F477159-4F0F-496E-9ADB-56785CE3FE10}.Release|Any CPU.Build.0 = Release|Any CPU
	EndGlobalSection
	GlobalSection(NestedProjects) = preSolution
		{86E5A6FC-558F-4617-B6F1-922C374E25CE} = {C8A84E38-86BD-4256-9BFC-7D7ECD9EA293}
		{3F477159-4F0F-496E-9ADB-56785CE3FE10} = {C8A84E38-86BD-4256-9BFC-7D7ECD9EA293}
	EndGlobalSection
EndGlobal
